<Solution>
  <Folder Name="/01/">
    <Project Path="IsNumberOrNot/IsNumberOrNot.csproj" Id="7aa821fc-cdc0-41aa-a254-d4b31fccc1ca" />
    <Project Path="IsNumberOrNotWithlibrariExtension/IsNumberOrNotWithlibrariExtension.csproj" Id="28c73eee-5a8e-485c-86a4-e159657d277b" />
  </Folder>
  <Folder Name="/Share/">
    <Project Path="Share/Share.csproj" Id="9e0c83a3-9c60-4c47-8475-7bd4735ab374" />
  </Folder>
</Solution>
